
Microsoft Visual Studio Solution File, Format Version 12.00
# Visual Studio 2013
VisualStudioVersion = 12.0.40629.0
MinimumVisualStudioVersion = 10.0.40219.1
Project("{8BC9CEB8-8B4A-11D0-8D11-00A0C91BC942}") = "NubDevEngine - core", "NubDevEngine - core\NubDevEngine - core.vcxproj", "{52ADAAD2-142C-4A62-BCDA-69E33739AB3D}"
EndProject
Project("{2150E333-8FDC-42A3-9474-1A3956D46DE8}") = "Solution Items", "Solution Items", "{F34EA23F-56B6-406E-9EEC-509EA4AC6D5D}"
EndProject
Project("{8BC9CEB8-8B4A-11D0-8D11-00A0C91BC942}") = "libvorbis", "libvorbis\libvorbis.vcxproj", "{24A08000-AC09-4F9F-9E2B-A8F8BE854A15}"
EndProject
Project("{8BC9CEB8-8B4A-11D0-8D11-00A0C91BC942}") = "libogg", "libogg\libogg.vcxproj", "{5FA3003E-98BC-4A83-B4A2-2334DCABEDED}"
EndProject
Project("{8BC9CEB8-8B4A-11D0-8D11-00A0C91BC942}") = "freetype", "Dependencies\FreeType\builds\windows\vc2010\freetype.vcxproj", "{78B079BD-9FC7-4B9E-B4A6-96DA0F00248B}"
EndProject
Global
	GlobalSection(SolutionConfigurationPlatforms) = preSolution
		Debug Multithreaded|Win32 = Debug Multithreaded|Win32
		Debug Multithreaded|x64 = Debug Multithreaded|x64
		Debug Singlethreaded|Win32 = Debug Singlethreaded|Win32
		Debug Singlethreaded|x64 = Debug Singlethreaded|x64
		Debug|Win32 = Debug|Win32
		Debug|x64 = Debug|x64
		Release Multithreaded|Win32 = Release Multithreaded|Win32
		Release Multithreaded|x64 = Release Multithreaded|x64
		Release Singlethreaded|Win32 = Release Singlethreaded|Win32
		Release Singlethreaded|x64 = Release Singlethreaded|x64
		Release|Win32 = Release|Win32
		Release|x64 = Release|x64
	EndGlobalSection
	GlobalSection(ProjectConfigurationPlatforms) = postSolution
		{52ADAAD2-142C-4A62-BCDA-69E33739AB3D}.Debug Multithreaded|Win32.ActiveCfg = Debug|Win32
		{52ADAAD2-142C-4A62-BCDA-69E33739AB3D}.Debug Multithreaded|Win32.Build.0 = Debug|Win32
		{52ADAAD2-142C-4A62-BCDA-69E33739AB3D}.Debug Multithreaded|x64.ActiveCfg = Debug|Win32
		{52ADAAD2-142C-4A62-BCDA-69E33739AB3D}.Debug Singlethreaded|Win32.ActiveCfg = Debug|Win32
		{52ADAAD2-142C-4A62-BCDA-69E33739AB3D}.Debug Singlethreaded|Win32.Build.0 = Debug|Win32
		{52ADAAD2-142C-4A62-BCDA-69E33739AB3D}.Debug Singlethreaded|x64.ActiveCfg = Debug|Win32
		{52ADAAD2-142C-4A62-BCDA-69E33739AB3D}.Debug|Win32.ActiveCfg = Debug|Win32
		{52ADAAD2-142C-4A62-BCDA-69E33739AB3D}.Debug|Win32.Build.0 = Debug|Win32
		{52ADAAD2-142C-4A62-BCDA-69E33739AB3D}.Debug|x64.ActiveCfg = Debug|Win32
		{52ADAAD2-142C-4A62-BCDA-69E33739AB3D}.Release Multithreaded|Win32.ActiveCfg = Release|Win32
		{52ADAAD2-142C-4A62-BCDA-69E33739AB3D}.Release Multithreaded|Win32.Build.0 = Release|Win32
		{52ADAAD2-142C-4A62-BCDA-69E33739AB3D}.Release Multithreaded|x64.ActiveCfg = Release|Win32
		{52ADAAD2-142C-4A62-BCDA-69E33739AB3D}.Release Singlethreaded|Win32.ActiveCfg = Release|Win32
		{52ADAAD2-142C-4A62-BCDA-69E33739AB3D}.Release Singlethreaded|Win32.Build.0 = Release|Win32
		{52ADAAD2-142C-4A62-BCDA-69E33739AB3D}.Release Singlethreaded|x64.ActiveCfg = Release|Win32
		{52ADAAD2-142C-4A62-BCDA-69E33739AB3D}.Release|Win32.ActiveCfg = Release|Win32
		{52ADAAD2-142C-4A62-BCDA-69E33739AB3D}.Release|Win32.Build.0 = Release|Win32
		{52ADAAD2-142C-4A62-BCDA-69E33739AB3D}.Release|x64.ActiveCfg = Release|Win32
		{24A08000-AC09-4F9F-9E2B-A8F8BE854A15}.Debug Multithreaded|Win32.ActiveCfg = Debug|Win32
		{24A08000-AC09-4F9F-9E2B-A8F8BE854A15}.Debug Multithreaded|x64.ActiveCfg = Debug|Win32
		{24A08000-AC09-4F9F-9E2B-A8F8BE854A15}.Debug Singlethreaded|Win32.ActiveCfg = Debug|Win32
		{24A08000-AC09-4F9F-9E2B-A8F8BE854A15}.Debug Singlethreaded|x64.ActiveCfg = Debug|Win32
		{24A08000-AC09-4F9F-9E2B-A8F8BE854A15}.Debug|Win32.ActiveCfg = Debug|Win32
		{24A08000-AC09-4F9F-9E2B-A8F8BE854A15}.Debug|Win32.Build.0 = Debug|Win32
		{24A08000-AC09-4F9F-9E2B-A8F8BE854A15}.Debug|x64.ActiveCfg = Debug|Win32
		{24A08000-AC09-4F9F-9E2B-A8F8BE854A15}.Release Multithreaded|Win32.ActiveCfg = Release|Win32
		{24A08000-AC09-4F9F-9E2B-A8F8BE854A15}.Release Multithreaded|x64.ActiveCfg = Release|Win32
		{24A08000-AC09-4F9F-9E2B-A8F8BE854A15}.Release Singlethreaded|Win32.ActiveCfg = Release|Win32
		{24A08000-AC09-4F9F-9E2B-A8F8BE854A15}.Release Singlethreaded|x64.ActiveCfg = Release|Win32
		{24A08000-AC09-4F9F-9E2B-A8F8BE854A15}.Release|Win32.ActiveCfg = Release|Win32
		{24A08000-AC09-4F9F-9E2B-A8F8BE854A15}.Release|Win32.Build.0 = Release|Win32
		{24A08000-AC09-4F9F-9E2B-A8F8BE854A15}.Release|x64.ActiveCfg = Release|Win32
		{5FA3003E-98BC-4A83-B4A2-2334DCABEDED}.Debug Multithreaded|Win32.ActiveCfg = Debug|Win32
		{5FA3003E-98BC-4A83-B4A2-2334DCABEDED}.Debug Multithreaded|x64.ActiveCfg = Debug|Win32
		{5FA3003E-98BC-4A83-B4A2-2334DCABEDED}.Debug Singlethreaded|Win32.ActiveCfg = Debug|Win32
		{5FA3003E-98BC-4A83-B4A2-2334DCABEDED}.Debug Singlethreaded|x64.ActiveCfg = Debug|Win32
		{5FA3003E-98BC-4A83-B4A2-2334DCABEDED}.Debug|Win32.ActiveCfg = Debug|Win32
		{5FA3003E-98BC-4A83-B4A2-2334DCABEDED}.Debug|Win32.Build.0 = Debug|Win32
		{5FA3003E-98BC-4A83-B4A2-2334DCABEDED}.Debug|x64.ActiveCfg = Debug|Win32
		{5FA3003E-98BC-4A83-B4A2-2334DCABEDED}.Release Multithreaded|Win32.ActiveCfg = Release|Win32
		{5FA3003E-98BC-4A83-B4A2-2334DCABEDED}.Release Multithreaded|x64.ActiveCfg = Release|Win32
		{5FA3003E-98BC-4A83-B4A2-2334DCABEDED}.Release Singlethreaded|Win32.ActiveCfg = Release|Win32
		{5FA3003E-98BC-4A83-B4A2-2334DCABEDED}.Release Singlethreaded|x64.ActiveCfg = Release|Win32
		{5FA3003E-98BC-4A83-B4A2-2334DCABEDED}.Release|Win32.ActiveCfg = Release|Win32
		{5FA3003E-98BC-4A83-B4A2-2334DCABEDED}.Release|Win32.Build.0 = Release|Win32
		{5FA3003E-98BC-4A83-B4A2-2334DCABEDED}.Release|x64.ActiveCfg = Release|Win32
		{78B079BD-9FC7-4B9E-B4A6-96DA0F00248B}.Debug Multithreaded|Win32.ActiveCfg = Debug Multithreaded|Win32
		{78B079BD-9FC7-4B9E-B4A6-96DA0F00248B}.Debug Multithreaded|Win32.Build.0 = Debug Multithreaded|Win32
		{78B079BD-9FC7-4B9E-B4A6-96DA0F00248B}.Debug Multithreaded|x64.ActiveCfg = Debug Multithreaded|x64
		{78B079BD-9FC7-4B9E-B4A6-96DA0F00248B}.Debug Multithreaded|x64.Build.0 = Debug Multithreaded|x64
		{78B079BD-9FC7-4B9E-B4A6-96DA0F00248B}.Debug Singlethreaded|Win32.ActiveCfg = Debug Singlethreaded|Win32
		{78B079BD-9FC7-4B9E-B4A6-96DA0F00248B}.Debug Singlethreaded|Win32.Build.0 = Debug Singlethreaded|Win32
		{78B079BD-9FC7-4B9E-B4A6-96DA0F00248B}.Debug Singlethreaded|x64.ActiveCfg = Debug Singlethreaded|x64
		{78B079BD-9FC7-4B9E-B4A6-96DA0F00248B}.Debug Singlethreaded|x64.Build.0 = Debug Singlethreaded|x64
		{78B079BD-9FC7-4B9E-B4A6-96DA0F00248B}.Debug|Win32.ActiveCfg = Debug|Win32
		{78B079BD-9FC7-4B9E-B4A6-96DA0F00248B}.Debug|Win32.Build.0 = Debug|Win32
		{78B079BD-9FC7-4B9E-B4A6-96DA0F00248B}.Debug|x64.ActiveCfg = Debug|x64
		{78B079BD-9FC7-4B9E-B4A6-96DA0F00248B}.Debug|x64.Build.0 = Debug|x64
		{78B079BD-9FC7-4B9E-B4A6-96DA0F00248B}.Release Multithreaded|Win32.ActiveCfg = Release Multithreaded|Win32
		{78B079BD-9FC7-4B9E-B4A6-96DA0F00248B}.Release Multithreaded|Win32.Build.0 = Release Multithreaded|Win32
		{78B079BD-9FC7-4B9E-B4A6-96DA0F00248B}.Release Multithreaded|x64.ActiveCfg = Release Multithreaded|x64
		{78B079BD-9FC7-4B9E-B4A6-96DA0F00248B}.Release Multithreaded|x64.Build.0 = Release Multithreaded|x64
		{78B079BD-9FC7-4B9E-B4A6-96DA0F00248B}.Release Singlethreaded|Win32.ActiveCfg = Release Singlethreaded|Win32
		{78B079BD-9FC7-4B9E-B4A6-96DA0F00248B}.Release Singlethreaded|Win32.Build.0 = Release Singlethreaded|Win32
		{78B079BD-9FC7-4B9E-B4A6-96DA0F00248B}.Release Singlethreaded|x64.ActiveCfg = Release Singlethreaded|x64
		{78B079BD-9FC7-4B9E-B4A6-96DA0F00248B}.Release Singlethreaded|x64.Build.0 = Release Singlethreaded|x64
		{78B079BD-9FC7-4B9E-B4A6-96DA0F00248B}.Release|Win32.ActiveCfg = Release|Win32
		{78B079BD-9FC7-4B9E-B4A6-96DA0F00248B}.Release|Win32.Build.0 = Release|Win32
		{78B079BD-9FC7-4B9E-B4A6-96DA0F00248B}.Release|x64.ActiveCfg = Release|x64
		{78B079BD-9FC7-4B9E-B4A6-96DA0F00248B}.Release|x64.Build.0 = Release|x64
	EndGlobalSection
	GlobalSection(SolutionProperties) = preSolution
		HideSolutionNode = FALSE
	EndGlobalSection
EndGlobal
