<?xml version="1.0" encoding="utf-8"?>
<Project ToolsVersion="4.0" xmlns="http://schemas.microsoft.com/developer/msbuild/2003">
  <ItemGroup>
    <Filter Include="Source Files">
      <UniqueIdentifier>{4FC737F1-C7A5-4376-A066-2A32D752A2FF}</UniqueIdentifier>
      <Extensions>cpp;c;cc;cxx;def;odl;idl;hpj;bat;asm;asmx</Extensions>
    </Filter>
    <Filter Include="Header Files">
      <UniqueIdentifier>{93995380-89BD-4b04-88EB-625FBE52EBFB}</UniqueIdentifier>
      <Extensions>h;hh;hpp;hxx;hm;inl;inc;xsd</Extensions>
    </Filter>
    <Filter Include="Resource Files">
      <UniqueIdentifier>{67DA6AB6-F800-4c08-8B7A-83BB121AAD01}</UniqueIdentifier>
      <Extensions>rc;ico;cur;bmp;dlg;rc2;rct;bin;rgs;gif;jpg;jpeg;jpe;resx;tiff;tif;png;wav;mfcribbon-ms</Extensions>
    </Filter>
    <Filter Include="Header Files\ext">
      <UniqueIdentifier>{195084e7-9347-4e37-b33c-a34495ee65f5}</UniqueIdentifier>
    </Filter>
    <Filter Include="Header Files\ext\gorilla-audio">
      <UniqueIdentifier>{cb0bee78-56e0-48c9-9836-66c3f6bf77ba}</UniqueIdentifier>
    </Filter>
    <Filter Include="Source Files\ext">
      <UniqueIdentifier>{f6e6cd3a-94dc-4724-9857-ebd906afb3ef}</UniqueIdentifier>
    </Filter>
    <Filter Include="Source Files\ext\gorilla-audio">
      <UniqueIdentifier>{6f8e0c67-902c-4585-a321-42602a30912e}</UniqueIdentifier>
    </Filter>
    <Filter Include="Source Files\graphics">
      <UniqueIdentifier>{afbf3abd-1b9a-4314-ab3b-01fb0db05499}</UniqueIdentifier>
    </Filter>
    <Filter Include="Source Files\graphics\buffers">
      <UniqueIdentifier>{655fd4e4-8ec4-42d5-8341-3d7dfa775f27}</UniqueIdentifier>
    </Filter>
    <Filter Include="Source Files\maths">
      <UniqueIdentifier>{6726275b-e302-4fcd-8fd9-1ee9f2a829be}</UniqueIdentifier>
    </Filter>
    <Filter Include="Header Files\maths">
      <UniqueIdentifier>{e433714d-959d-41c7-bf10-79fe9981517b}</UniqueIdentifier>
    </Filter>
    <Filter Include="Header Files\graphics">
      <UniqueIdentifier>{06445ba6-6082-40c6-ba8f-07f6ecfef1ab}</UniqueIdentifier>
    </Filter>
    <Filter Include="Header Files\graphics\buffers">
      <UniqueIdentifier>{e5c6712c-06a3-430a-937e-98cd3c93538a}</UniqueIdentifier>
    </Filter>
  </ItemGroup>
  <ItemGroup>
    <ClCompile Include="src\window\window.cpp">
      <Filter>Source Files</Filter>
    </ClCompile>
    <ClCompile Include="src\maths\utils.cpp">
      <Filter>Source Files</Filter>
    </ClCompile>
    <ClCompile Include="src\Core.cpp">
      <Filter>Source Files</Filter>
    </ClCompile>
    <ClCompile Include="src\utils\fileutils.cpp">
      <Filter>Source Files</Filter>
    </ClCompile>
    <ClCompile Include="src\graphics\buffers\ibo.cpp">
      <Filter>Source Files\graphics\buffers</Filter>
    </ClCompile>
    <ClCompile Include="src\graphics\buffers\vao.cpp">
      <Filter>Source Files\graphics\buffers</Filter>
    </ClCompile>
    <ClCompile Include="src\graphics\buffers\vbo.cpp">
      <Filter>Source Files\graphics\buffers</Filter>
    </ClCompile>
    <ClCompile Include="src\maths\vec4.cpp">
      <Filter>Source Files\maths</Filter>
    </ClCompile>
    <ClCompile Include="src\maths\vec2.cpp">
      <Filter>Source Files\maths</Filter>
    </ClCompile>
    <ClCompile Include="src\maths\vec3.cpp">
      <Filter>Source Files\maths</Filter>
    </ClCompile>
    <ClCompile Include="src\maths\mat4.cpp">
      <Filter>Source Files\maths</Filter>
    </ClCompile>
    <ClCompile Include="src\graphics\layers\group.cpp">
      <Filter>Source Files\graphics</Filter>
    </ClCompile>
    <ClCompile Include="src\graphics\layers\layer.cpp">
      <Filter>Source Files\graphics</Filter>
    </ClCompile>
    <ClCompile Include="src\graphics\shader.cpp">
      <Filter>Source Files\graphics</Filter>
    </ClCompile>
    <ClCompile Include="src\graphics\renderers\simplerenderer2d.cpp">
      <Filter>Source Files\graphics</Filter>
    </ClCompile>
    <ClCompile Include="src\graphics\renderers\sprite.cpp">
      <Filter>Source Files\graphics</Filter>
    </ClCompile>
    <ClCompile Include="src\graphics\renderers\staticsprite.cpp">
      <Filter>Source Files\graphics</Filter>
    </ClCompile>
    <ClCompile Include="src\graphics\layers\tilelayer.cpp">
      <Filter>Source Files\graphics</Filter>
    </ClCompile>
    <ClCompile Include="src\graphics\renderers\batchrenderer2d.cpp">
      <Filter>Source Files\graphics</Filter>
    </ClCompile>
    <ClCompile Include="ext\gorilla-audio\common\gc_thread.c">
      <Filter>Source Files\ext\gorilla-audio</Filter>
    </ClCompile>
    <ClCompile Include="ext\gorilla-audio\ga.c">
      <Filter>Source Files\ext\gorilla-audio</Filter>
    </ClCompile>
    <ClCompile Include="ext\gorilla-audio\devices\ga_openal.c">
      <Filter>Source Files\ext\gorilla-audio</Filter>
    </ClCompile>
    <ClCompile Include="ext\gorilla-audio\ga_stream.c">
      <Filter>Source Files\ext\gorilla-audio</Filter>
    </ClCompile>
    <ClCompile Include="ext\gorilla-audio\gau.c">
      <Filter>Source Files\ext\gorilla-audio</Filter>
    </ClCompile>
    <ClCompile Include="ext\gorilla-audio\common\gc_common.c">
      <Filter>Source Files\ext\gorilla-audio</Filter>
    </ClCompile>
    <ClCompile Include="src\audio\SoundManager.cpp">
      <Filter>Source Files</Filter>
    </ClCompile>
    <ClCompile Include="src\audio\sound.cpp">
      <Filter>Source Files</Filter>
    </ClCompile>
    <ClCompile Include="src\graphics\Texture.cpp">
      <Filter>Source Files</Filter>
    </ClCompile>
    <ClCompile Include="ext\freetype-gl\platform.c">
      <Filter>Source Files</Filter>
    </ClCompile>
    <ClCompile Include="ext\freetype-gl\texture-atlas.c">
      <Filter>Source Files</Filter>
    </ClCompile>
    <ClCompile Include="ext\freetype-gl\texture-font.c">
      <Filter>Source Files</Filter>
    </ClCompile>
    <ClCompile Include="ext\freetype-gl\vector.c">
      <Filter>Source Files</Filter>
    </ClCompile>
    <ClCompile Include="src\graphics\renderers\label.cpp">
      <Filter>Source Files</Filter>
    </ClCompile>
    <ClCompile Include="src\graphics\font.cpp">
      <Filter>Source Files</Filter>
    </ClCompile>
  </ItemGroup>
  <ItemGroup>
    <ClInclude Include="src\maths\utils.h">
      <Filter>Header Files</Filter>
    </ClInclude>
    <ClInclude Include="src\utils\fileutils.h">
      <Filter>Header Files</Filter>
    </ClInclude>
    <ClInclude Include="src\utils\timer.h">
      <Filter>Header Files</Filter>
    </ClInclude>
    <ClInclude Include="src\maths\vec4.h">
      <Filter>Header Files\maths</Filter>
    </ClInclude>
    <ClInclude Include="src\maths\vec3.h">
      <Filter>Header Files\maths</Filter>
    </ClInclude>
    <ClInclude Include="src\maths\mat4.h">
      <Filter>Header Files\maths</Filter>
    </ClInclude>
    <ClInclude Include="src\maths\maths.h">
      <Filter>Header Files\maths</Filter>
    </ClInclude>
    <ClInclude Include="src\maths\vec2.h">
      <Filter>Header Files\maths</Filter>
    </ClInclude>
    <ClInclude Include="src\graphics\buffers\buffers.h">
      <Filter>Header Files\graphics\buffers</Filter>
    </ClInclude>
    <ClInclude Include="src\graphics\buffers\ibo.h">
      <Filter>Header Files\graphics\buffers</Filter>
    </ClInclude>
    <ClInclude Include="src\graphics\buffers\vao.h">
      <Filter>Header Files\graphics\buffers</Filter>
    </ClInclude>
    <ClInclude Include="src\graphics\buffers\vbo.h">
      <Filter>Header Files\graphics\buffers</Filter>
    </ClInclude>
    <ClInclude Include="src\graphics\layers\tilelayer.h">
      <Filter>Header Files\graphics</Filter>
    </ClInclude>
    <ClInclude Include="src\graphics\layers\layer.h">
      <Filter>Header Files\graphics</Filter>
    </ClInclude>
    <ClInclude Include="src\graphics\renderers\renderable2d.h">
      <Filter>Header Files\graphics</Filter>
    </ClInclude>
    <ClInclude Include="src\graphics\renderers\renderer2d.h">
      <Filter>Header Files\graphics</Filter>
    </ClInclude>
    <ClInclude Include="src\graphics\shader.h">
      <Filter>Header Files\graphics</Filter>
    </ClInclude>
    <ClInclude Include="src\graphics\renderers\simplerenderer2d.h">
      <Filter>Header Files\graphics</Filter>
    </ClInclude>
    <ClInclude Include="src\graphics\renderers\sprite.h">
      <Filter>Header Files\graphics</Filter>
    </ClInclude>
    <ClInclude Include="src\graphics\renderers\staticsprite.h">
      <Filter>Header Files\graphics</Filter>
    </ClInclude>
    <ClInclude Include="src\graphics\layers\group.h">
      <Filter>Header Files\graphics</Filter>
    </ClInclude>
    <ClInclude Include="src\graphics\renderers\batchrenderer2d.h">
      <Filter>Header Files\graphics</Filter>
    </ClInclude>
    <ClInclude Include="src\window\window.h">
      <Filter>Header Files</Filter>
    </ClInclude>
    <ClInclude Include="ext\gorilla-audio\common\gc_types.h">
      <Filter>Header Files\ext\gorilla-audio</Filter>
    </ClInclude>
    <ClInclude Include="ext\gorilla-audio\ga.h">
      <Filter>Header Files\ext\gorilla-audio</Filter>
    </ClInclude>
    <ClInclude Include="ext\gorilla-audio\ga_internal.h">
      <Filter>Header Files\ext\gorilla-audio</Filter>
    </ClInclude>
    <ClInclude Include="ext\gorilla-audio\devices\ga_openal.h">
      <Filter>Header Files\ext\gorilla-audio</Filter>
    </ClInclude>
    <ClInclude Include="ext\gorilla-audio\gau.h">
      <Filter>Header Files\ext\gorilla-audio</Filter>
    </ClInclude>
    <ClInclude Include="ext\gorilla-audio\common\gc_common.h">
      <Filter>Header Files\ext\gorilla-audio</Filter>
    </ClInclude>
    <ClInclude Include="ext\gorilla-audio\common\gc_thread.h">
      <Filter>Header Files\ext\gorilla-audio</Filter>
    </ClInclude>
    <ClInclude Include="src\audio\SoundManager.h">
      <Filter>Header Files</Filter>
    </ClInclude>
    <ClInclude Include="src\audio\sound.h">
      <Filter>Header Files</Filter>
    </ClInclude>
    <ClInclude Include="src\utils\StringUtils.h">
      <Filter>Header Files</Filter>
    </ClInclude>
    <ClInclude Include="src\graphics\Texture.h">
      <Filter>Header Files</Filter>
    </ClInclude>
    <ClInclude Include="src\utils\ImageLoad.h">
      <Filter>Header Files</Filter>
    </ClInclude>
    <ClInclude Include="ext\freetype-gl\freetype-gl.h">
      <Filter>Header Files</Filter>
    </ClInclude>
    <ClInclude Include="ext\freetype-gl\opengl.h">
      <Filter>Header Files</Filter>
    </ClInclude>
    <ClInclude Include="ext\freetype-gl\platform.h">
      <Filter>Header Files</Filter>
    </ClInclude>
    <ClInclude Include="ext\freetype-gl\texture-atlas.h">
      <Filter>Header Files</Filter>
    </ClInclude>
    <ClInclude Include="ext\freetype-gl\texture-font.h">
      <Filter>Header Files</Filter>
    </ClInclude>
    <ClInclude Include="ext\freetype-gl\vec234.h">
      <Filter>Header Files</Filter>
    </ClInclude>
    <ClInclude Include="ext\freetype-gl\vector.h">
      <Filter>Header Files</Filter>
    </ClInclude>
    <ClInclude Include="src\graphics\renderers\label.h">
      <Filter>Header Files</Filter>
    </ClInclude>
    <ClInclude Include="src\graphics\FontManager.h">
      <Filter>Header Files</Filter>
    </ClInclude>
    <ClInclude Include="src\graphics\font.h">
      <Filter>Header Files</Filter>
    </ClInclude>
  </ItemGroup>
  <ItemGroup>
    <None Include="res\shaders\basic.frag">
      <Filter>Resource Files</Filter>
    </None>
    <None Include="res\shaders\basic.vert">
      <Filter>Resource Files</Filter>
    </None>
  </ItemGroup>
  <ItemGroup>
    <Text Include="res\objects\test.txt">
      <Filter>Resource Files</Filter>
    </Text>
    <Text Include="res\shaders\naming.txt">
      <Filter>Resource Files</Filter>
    </Text>
  </ItemGroup>
</Project>